
Microsoft Visual Studio Solution File, Format Version 12.00
# Visual Studio 15
VisualStudioVersion = 15.0.27428.2005
MinimumVisualStudioVersion = 10.0.40219.1
Project("{FAE04EC0-301F-11D3-BF4B-00C04F79EFBC}") = "eCom.DAL", "eCom.DAL\eCom.DAL.csproj", "{5CF6C4FB-A20B-48F2-B50E-A857AAC976A8}"
EndProject
Project("{FAE04EC0-301F-11D3-BF4B-00C04F79EFBC}") = "eCom.Model", "eCom.Model\eCom.Model.csproj", "{AD218E67-7CAF-4C23-ACE0-47D0648C7262}"
EndProject
Project("{FAE04EC0-301F-11D3-BF4B-00C04F79EFBC}") = "eCom.Web", "eCom.Web\eCom.Web.csproj", "{9C1FE6D1-3E67-4ED3-BA50-51452386A69A}"
EndProject
Project("{FAE04EC0-301F-11D3-BF4B-00C04F79EFBC}") = "eCom.Web.Tests", "eCom.Web.Tests\eCom.Web.Tests.csproj", "{EFF6AADB-5071-468A-81D0-E8C1D67FC874}"
EndProject
Project("{FAE04EC0-301F-11D3-BF4B-00C04F79EFBC}") = "eCom.Contract", "eCom.Contract\eCom.Contract.csproj", "{BB03491D-8D33-48C6-9BF9-964BBBF85F34}"
EndProject
Global
	GlobalSection(SolutionConfigurationPlatforms) = preSolution
		Debug|Any CPU = Debug|Any CPU
		Release|Any CPU = Release|Any CPU
	EndGlobalSection
	GlobalSection(ProjectConfigurationPlatforms) = postSolution
		{5CF6C4FB-A20B-48F2-B50E-A857AAC976A8}.Debug|Any CPU.ActiveCfg = Debug|Any CPU
		{5CF6C4FB-A20B-48F2-B50E-A857AAC976A8}.Debug|Any CPU.Build.0 = Debug|Any CPU
		{5CF6C4FB-A20B-48F2-B50E-A857AAC976A8}.Release|Any CPU.ActiveCfg = Release|Any CPU
		{5CF6C4FB-A20B-48F2-B50E-A857AAC976A8}.Release|Any CPU.Build.0 = Release|Any CPU
		{AD218E67-7CAF-4C23-ACE0-47D0648C7262}.Debug|Any CPU.ActiveCfg = Debug|Any CPU
		{AD218E67-7CAF-4C23-ACE0-47D0648C7262}.Debug|Any CPU.Build.0 = Debug|Any CPU
		{AD218E67-7CAF-4C23-ACE0-47D0648C7262}.Release|Any CPU.ActiveCfg = Release|Any CPU
		{AD218E67-7CAF-4C23-ACE0-47D0648C7262}.Release|Any CPU.Build.0 = Release|Any CPU
		{9C1FE6D1-3E67-4ED3-BA50-51452386A69A}.Debug|Any CPU.ActiveCfg = Debug|Any CPU
		{9C1FE6D1-3E67-4ED3-BA50-51452386A69A}.Debug|Any CPU.Build.0 = Debug|Any CPU
		{9C1FE6D1-3E67-4ED3-BA50-51452386A69A}.Release|Any CPU.ActiveCfg = Release|Any CPU
		{9C1FE6D1-3E67-4ED3-BA50-51452386A69A}.Release|Any CPU.Build.0 = Release|Any CPU
		{EFF6AADB-5071-468A-81D0-E8C1D67FC874}.Debug|Any CPU.ActiveCfg = Debug|Any CPU
		{EFF6AADB-5071-468A-81D0-E8C1D67FC874}.Debug|Any CPU.Build.0 = Debug|Any CPU
		{EFF6AADB-5071-468A-81D0-E8C1D67FC874}.Release|Any CPU.ActiveCfg = Release|Any CPU
		{EFF6AADB-5071-468A-81D0-E8C1D67FC874}.Release|Any CPU.Build.0 = Release|Any CPU
		{BB03491D-8D33-48C6-9BF9-964BBBF85F34}.Debug|Any CPU.ActiveCfg = Debug|Any CPU
		{BB03491D-8D33-48C6-9BF9-964BBBF85F34}.Debug|Any CPU.Build.0 = Debug|Any CPU
		{BB03491D-8D33-48C6-9BF9-964BBBF85F34}.Release|Any CPU.ActiveCfg = Release|Any CPU
		{BB03491D-8D33-48C6-9BF9-964BBBF85F34}.Release|Any CPU.Build.0 = Release|Any CPU
	EndGlobalSection
	GlobalSection(SolutionProperties) = preSolution
		HideSolutionNode = FALSE
	EndGlobalSection
	GlobalSection(ExtensibilityGlobals) = postSolution
		SolutionGuid = {F731EDF4-040D-41F4-AC63-9466524B275B}
	EndGlobalSection
EndGlobal
